{
  "name": "CoCo-Next-Mirror",
  "lockfileVersion": 3,
  "requires": true,
  "packages": {
    "": {
      "devDependencies": {
        "@cloudflare/workers-types": "^4.20260305.0"
      }
    },
    "node_modules/@cloudflare/workers-types": {
      "version": "4.20260305.0",
      "resolved": "https://registry.npmmirror.com/@cloudflare/workers-types/-/workers-types-4.20260305.0.tgz",
      "integrity": "sha512-sCgPFnQ03SVpC2OVW8wysONLZW/A8hlp9Mq2ckG/h1oId4kr9NawA6vUiOmOjCWRn2hIohejBYVQ+Vu20rCdKA==",
      "dev": true,
      "license": "MIT OR Apache-2.0"
    }
  }
}
